
Microsoft Visual Studio Solution File, Format Version 12.00
# Visual Studio 14
VisualStudioVersion = 14.0.23107.0
MinimumVisualStudioVersion = 10.0.40219.1
Project("{FAE04EC0-301F-11D3-BF4B-00C04F79EFBC}") = "BlocNotasCurso.Droid", "BlocNotasCurso\BlocNotasCurso.Droid\BlocNotasCurso.Droid.csproj", "{7D0D787A-8097-43B8-8F29-BABACA557270}"
EndProject
Project("{FAE04EC0-301F-11D3-BF4B-00C04F79EFBC}") = "BlocNotasCurso.iOS", "BlocNotasCurso\BlocNotasCurso.iOS\BlocNotasCurso.iOS.csproj", "{E2D9091F-DAA6-44BF-BED1-C5EAA9CBA1F1}"
EndProject
Project("{FAE04EC0-301F-11D3-BF4B-00C04F79EFBC}") = "BlocNotasCurso.WinPhone", "BlocNotasCurso\BlocNotasCurso.WinPhone\BlocNotasCurso.WinPhone.csproj", "{6F25DE5D-4856-4B84-AC6A-A0F6F46361E5}"
EndProject
Project("{FAE04EC0-301F-11D3-BF4B-00C04F79EFBC}") = "BlocNotasCurso", "BlocNotasCurso\BlocNotasCurso\BlocNotasCurso.csproj", "{0B034742-A504-4F90-A087-B796CF13EA20}"
EndProject
Global
	GlobalSection(SolutionConfigurationPlatforms) = preSolution
		Ad-Hoc|Any CPU = Ad-Hoc|Any CPU
		Ad-Hoc|ARM = Ad-Hoc|ARM
		Ad-Hoc|iPhone = Ad-Hoc|iPhone
		Ad-Hoc|iPhoneSimulator = Ad-Hoc|iPhoneSimulator
		Ad-Hoc|x86 = Ad-Hoc|x86
		AppStore|Any CPU = AppStore|Any CPU
		AppStore|ARM = AppStore|ARM
		AppStore|iPhone = AppStore|iPhone
		AppStore|iPhoneSimulator = AppStore|iPhoneSimulator
		AppStore|x86 = AppStore|x86
		Debug|Any CPU = Debug|Any CPU
		Debug|ARM = Debug|ARM
		Debug|iPhone = Debug|iPhone
		Debug|iPhoneSimulator = Debug|iPhoneSimulator
		Debug|x86 = Debug|x86
		Release|Any CPU = Release|Any CPU
		Release|ARM = Release|ARM
		Release|iPhone = Release|iPhone
		Release|iPhoneSimulator = Release|iPhoneSimulator
		Release|x86 = Release|x86
	EndGlobalSection
	GlobalSection(ProjectConfigurationPlatforms) = postSolution
		{7D0D787A-8097-43B8-8F29-BABACA557270}.Ad-Hoc|Any CPU.ActiveCfg = Release|Any CPU
		{7D0D787A-8097-43B8-8F29-BABACA557270}.Ad-Hoc|Any CPU.Build.0 = Release|Any CPU
		{7D0D787A-8097-43B8-8F29-BABACA557270}.Ad-Hoc|Any CPU.Deploy.0 = Release|Any CPU
		{7D0D787A-8097-43B8-8F29-BABACA557270}.Ad-Hoc|ARM.ActiveCfg = Release|Any CPU
		{7D0D787A-8097-43B8-8F29-BABACA557270}.Ad-Hoc|ARM.Build.0 = Release|Any CPU
		{7D0D787A-8097-43B8-8F29-BABACA557270}.Ad-Hoc|ARM.Deploy.0 = Release|Any CPU
		{7D0D787A-8097-43B8-8F29-BABACA557270}.Ad-Hoc|iPhone.ActiveCfg = Release|Any CPU
		{7D0D787A-8097-43B8-8F29-BABACA557270}.Ad-Hoc|iPhone.Build.0 = Release|Any CPU
		{7D0D787A-8097-43B8-8F29-BABACA557270}.Ad-Hoc|iPhone.Deploy.0 = Release|Any CPU
		{7D0D787A-8097-43B8-8F29-BABACA557270}.Ad-Hoc|iPhoneSimulator.ActiveCfg = Release|Any CPU
		{7D0D787A-8097-43B8-8F29-BABACA557270}.Ad-Hoc|iPhoneSimulator.Build.0 = Release|Any CPU
		{7D0D787A-8097-43B8-8F29-BABACA557270}.Ad-Hoc|iPhoneSimulator.Deploy.0 = Release|Any CPU
		{7D0D787A-8097-43B8-8F29-BABACA557270}.Ad-Hoc|x86.ActiveCfg = Release|Any CPU
		{7D0D787A-8097-43B8-8F29-BABACA557270}.Ad-Hoc|x86.Build.0 = Release|Any CPU
		{7D0D787A-8097-43B8-8F29-BABACA557270}.Ad-Hoc|x86.Deploy.0 = Release|Any CPU
		{7D0D787A-8097-43B8-8F29-BABACA557270}.AppStore|Any CPU.ActiveCfg = Release|Any CPU
		{7D0D787A-8097-43B8-8F29-BABACA557270}.AppStore|Any CPU.Build.0 = Release|Any CPU
		{7D0D787A-8097-43B8-8F29-BABACA557270}.AppStore|Any CPU.Deploy.0 = Release|Any CPU
		{7D0D787A-8097-43B8-8F29-BABACA557270}.AppStore|ARM.ActiveCfg = Release|Any CPU
		{7D0D787A-8097-43B8-8F29-BABACA557270}.AppStore|ARM.Build.0 = Release|Any CPU
		{7D0D787A-8097-43B8-8F29-BABACA557270}.AppStore|ARM.Deploy.0 = Release|Any CPU
		{7D0D787A-8097-43B8-8F29-BABACA557270}.AppStore|iPhone.ActiveCfg = Release|Any CPU
		{7D0D787A-8097-43B8-8F29-BABACA557270}.AppStore|iPhone.Build.0 = Release|Any CPU
		{7D0D787A-8097-43B8-8F29-BABACA557270}.AppStore|iPhone.Deploy.0 = Release|Any CPU
		{7D0D787A-8097-43B8-8F29-BABACA557270}.AppStore|iPhoneSimulator.ActiveCfg = Release|Any CPU
		{7D0D787A-8097-43B8-8F29-BABACA557270}.AppStore|iPhoneSimulator.Build.0 = Release|Any CPU
		{7D0D787A-8097-43B8-8F29-BABACA557270}.AppStore|iPhoneSimulator.Deploy.0 = Release|Any CPU
		{7D0D787A-8097-43B8-8F29-BABACA557270}.AppStore|x86.ActiveCfg = Release|Any CPU
		{7D0D787A-8097-43B8-8F29-BABACA557270}.AppStore|x86.Build.0 = Release|Any CPU
		{7D0D787A-8097-43B8-8F29-BABACA557270}.AppStore|x86.Deploy.0 = Release|Any CPU
		{7D0D787A-8097-43B8-8F29-BABACA557270}.Debug|Any CPU.ActiveCfg = Debug|Any CPU
		{7D0D787A-8097-43B8-8F29-BABACA557270}.Debug|Any CPU.Build.0 = Debug|Any CPU
		{7D0D787A-8097-43B8-8F29-BABACA557270}.Debug|Any CPU.Deploy.0 = Debug|Any CPU
		{7D0D787A-8097-43B8-8F29-BABACA557270}.Debug|ARM.ActiveCfg = Debug|Any CPU
		{7D0D787A-8097-43B8-8F29-BABACA557270}.Debug|ARM.Build.0 = Debug|Any CPU
		{7D0D787A-8097-43B8-8F29-BABACA557270}.Debug|ARM.Deploy.0 = Debug|Any CPU
		{7D0D787A-8097-43B8-8F29-BABACA557270}.Debug|iPhone.ActiveCfg = Debug|Any CPU
		{7D0D787A-8097-43B8-8F29-BABACA557270}.Debug|iPhone.Build.0 = Debug|Any CPU
		{7D0D787A-8097-43B8-8F29-BABACA557270}.Debug|iPhone.Deploy.0 = Debug|Any CPU
		{7D0D787A-8097-43B8-8F29-BABACA557270}.Debug|iPhoneSimulator.ActiveCfg = Debug|Any CPU
		{7D0D787A-8097-43B8-8F29-BABACA557270}.Debug|iPhoneSimulator.Build.0 = Debug|Any CPU
		{7D0D787A-8097-43B8-8F29-BABACA557270}.Debug|iPhoneSimulator.Deploy.0 = Debug|Any CPU
		{7D0D787A-8097-43B8-8F29-BABACA557270}.Debug|x86.ActiveCfg = Debug|Any CPU
		{7D0D787A-8097-43B8-8F29-BABACA557270}.Debug|x86.Build.0 = Debug|Any CPU
		{7D0D787A-8097-43B8-8F29-BABACA557270}.Debug|x86.Deploy.0 = Debug|Any CPU
		{7D0D787A-8097-43B8-8F29-BABACA557270}.Release|Any CPU.ActiveCfg = Release|Any CPU
		{7D0D787A-8097-43B8-8F29-BABACA557270}.Release|Any CPU.Build.0 = Release|Any CPU
		{7D0D787A-8097-43B8-8F29-BABACA557270}.Release|Any CPU.Deploy.0 = Release|Any CPU
		{7D0D787A-8097-43B8-8F29-BABACA557270}.Release|ARM.ActiveCfg = Release|Any CPU
		{7D0D787A-8097-43B8-8F29-BABACA557270}.Release|ARM.Build.0 = Release|Any CPU
		{7D0D787A-8097-43B8-8F29-BABACA557270}.Release|ARM.Deploy.0 = Release|Any CPU
		{7D0D787A-8097-43B8-8F29-BABACA557270}.Release|iPhone.ActiveCfg = Release|Any CPU
		{7D0D787A-8097-43B8-8F29-BABACA557270}.Release|iPhone.Build.0 = Release|Any CPU
		{7D0D787A-8097-43B8-8F29-BABACA557270}.Release|iPhone.Deploy.0 = Release|Any CPU
		{7D0D787A-8097-43B8-8F29-BABACA557270}.Release|iPhoneSimulator.ActiveCfg = Release|Any CPU
		{7D0D787A-8097-43B8-8F29-BABACA557270}.Release|iPhoneSimulator.Build.0 = Release|Any CPU
		{7D0D787A-8097-43B8-8F29-BABACA557270}.Release|iPhoneSimulator.Deploy.0 = Release|Any CPU
		{7D0D787A-8097-43B8-8F29-BABACA557270}.Release|x86.ActiveCfg = Release|Any CPU
		{7D0D787A-8097-43B8-8F29-BABACA557270}.Release|x86.Build.0 = Release|Any CPU
		{7D0D787A-8097-43B8-8F29-BABACA557270}.Release|x86.Deploy.0 = Release|Any CPU
		{E2D9091F-DAA6-44BF-BED1-C5EAA9CBA1F1}.Ad-Hoc|Any CPU.ActiveCfg = Ad-Hoc|iPhone
		{E2D9091F-DAA6-44BF-BED1-C5EAA9CBA1F1}.Ad-Hoc|ARM.ActiveCfg = Ad-Hoc|iPhone
		{E2D9091F-DAA6-44BF-BED1-C5EAA9CBA1F1}.Ad-Hoc|iPhone.ActiveCfg = Ad-Hoc|iPhone
		{E2D9091F-DAA6-44BF-BED1-C5EAA9CBA1F1}.Ad-Hoc|iPhone.Build.0 = Ad-Hoc|iPhone
		{E2D9091F-DAA6-44BF-BED1-C5EAA9CBA1F1}.Ad-Hoc|iPhoneSimulator.ActiveCfg = Ad-Hoc|iPhoneSimulator
		{E2D9091F-DAA6-44BF-BED1-C5EAA9CBA1F1}.Ad-Hoc|iPhoneSimulator.Build.0 = Ad-Hoc|iPhoneSimulator
		{E2D9091F-DAA6-44BF-BED1-C5EAA9CBA1F1}.Ad-Hoc|x86.ActiveCfg = Ad-Hoc|iPhone
		{E2D9091F-DAA6-44BF-BED1-C5EAA9CBA1F1}.AppStore|Any CPU.ActiveCfg = AppStore|iPhone
		{E2D9091F-DAA6-44BF-BED1-C5EAA9CBA1F1}.AppStore|ARM.ActiveCfg = AppStore|iPhone
		{E2D9091F-DAA6-44BF-BED1-C5EAA9CBA1F1}.AppStore|iPhone.ActiveCfg = AppStore|iPhone
		{E2D9091F-DAA6-44BF-BED1-C5EAA9CBA1F1}.AppStore|iPhone.Build.0 = AppStore|iPhone
		{E2D9091F-DAA6-44BF-BED1-C5EAA9CBA1F1}.AppStore|iPhoneSimulator.ActiveCfg = AppStore|iPhoneSimulator
		{E2D9091F-DAA6-44BF-BED1-C5EAA9CBA1F1}.AppStore|iPhoneSimulator.Build.0 = AppStore|iPhoneSimulator
		{E2D9091F-DAA6-44BF-BED1-C5EAA9CBA1F1}.AppStore|x86.ActiveCfg = AppStore|iPhone
		{E2D9091F-DAA6-44BF-BED1-C5EAA9CBA1F1}.Debug|Any CPU.ActiveCfg = Debug|iPhone
		{E2D9091F-DAA6-44BF-BED1-C5EAA9CBA1F1}.Debug|ARM.ActiveCfg = Debug|iPhone
		{E2D9091F-DAA6-44BF-BED1-C5EAA9CBA1F1}.Debug|iPhone.ActiveCfg = Debug|iPhone
		{E2D9091F-DAA6-44BF-BED1-C5EAA9CBA1F1}.Debug|iPhone.Build.0 = Debug|iPhone
		{E2D9091F-DAA6-44BF-BED1-C5EAA9CBA1F1}.Debug|iPhoneSimulator.ActiveCfg = Debug|iPhoneSimulator
		{E2D9091F-DAA6-44BF-BED1-C5EAA9CBA1F1}.Debug|iPhoneSimulator.Build.0 = Debug|iPhoneSimulator
		{E2D9091F-DAA6-44BF-BED1-C5EAA9CBA1F1}.Debug|x86.ActiveCfg = Debug|iPhone
		{E2D9091F-DAA6-44BF-BED1-C5EAA9CBA1F1}.Release|Any CPU.ActiveCfg = Release|iPhone
		{E2D9091F-DAA6-44BF-BED1-C5EAA9CBA1F1}.Release|ARM.ActiveCfg = Release|iPhone
		{E2D9091F-DAA6-44BF-BED1-C5EAA9CBA1F1}.Release|iPhone.ActiveCfg = Release|iPhone
		{E2D9091F-DAA6-44BF-BED1-C5EAA9CBA1F1}.Release|iPhone.Build.0 = Release|iPhone
		{E2D9091F-DAA6-44BF-BED1-C5EAA9CBA1F1}.Release|iPhoneSimulator.ActiveCfg = Release|iPhoneSimulator
		{E2D9091F-DAA6-44BF-BED1-C5EAA9CBA1F1}.Release|iPhoneSimulator.Build.0 = Release|iPhoneSimulator
		{E2D9091F-DAA6-44BF-BED1-C5EAA9CBA1F1}.Release|x86.ActiveCfg = Release|iPhone
		{6F25DE5D-4856-4B84-AC6A-A0F6F46361E5}.Ad-Hoc|Any CPU.ActiveCfg = Release|Any CPU
		{6F25DE5D-4856-4B84-AC6A-A0F6F46361E5}.Ad-Hoc|Any CPU.Build.0 = Release|Any CPU
		{6F25DE5D-4856-4B84-AC6A-A0F6F46361E5}.Ad-Hoc|Any CPU.Deploy.0 = Release|Any CPU
		{6F25DE5D-4856-4B84-AC6A-A0F6F46361E5}.Ad-Hoc|ARM.ActiveCfg = Release|ARM
		{6F25DE5D-4856-4B84-AC6A-A0F6F46361E5}.Ad-Hoc|ARM.Build.0 = Release|ARM
		{6F25DE5D-4856-4B84-AC6A-A0F6F46361E5}.Ad-Hoc|ARM.Deploy.0 = Release|ARM
		{6F25DE5D-4856-4B84-AC6A-A0F6F46361E5}.Ad-Hoc|iPhone.ActiveCfg = Release|Any CPU
		{6F25DE5D-4856-4B84-AC6A-A0F6F46361E5}.Ad-Hoc|iPhone.Build.0 = Release|Any CPU
		{6F25DE5D-4856-4B84-AC6A-A0F6F46361E5}.Ad-Hoc|iPhone.Deploy.0 = Release|Any CPU
		{6F25DE5D-4856-4B84-AC6A-A0F6F46361E5}.Ad-Hoc|iPhoneSimulator.ActiveCfg = Release|Any CPU
		{6F25DE5D-4856-4B84-AC6A-A0F6F46361E5}.Ad-Hoc|iPhoneSimulator.Build.0 = Release|Any CPU
		{6F25DE5D-4856-4B84-AC6A-A0F6F46361E5}.Ad-Hoc|iPhoneSimulator.Deploy.0 = Release|Any CPU
		{6F25DE5D-4856-4B84-AC6A-A0F6F46361E5}.Ad-Hoc|x86.ActiveCfg = Release|x86
		{6F25DE5D-4856-4B84-AC6A-A0F6F46361E5}.Ad-Hoc|x86.Build.0 = Release|x86
		{6F25DE5D-4856-4B84-AC6A-A0F6F46361E5}.Ad-Hoc|x86.Deploy.0 = Release|x86
		{6F25DE5D-4856-4B84-AC6A-A0F6F46361E5}.AppStore|Any CPU.ActiveCfg = Release|Any CPU
		{6F25DE5D-4856-4B84-AC6A-A0F6F46361E5}.AppStore|Any CPU.Build.0 = Release|Any CPU
		{6F25DE5D-4856-4B84-AC6A-A0F6F46361E5}.AppStore|Any CPU.Deploy.0 = Release|Any CPU
		{6F25DE5D-4856-4B84-AC6A-A0F6F46361E5}.AppStore|ARM.ActiveCfg = Release|ARM
		{6F25DE5D-4856-4B84-AC6A-A0F6F46361E5}.AppStore|ARM.Build.0 = Release|ARM
		{6F25DE5D-4856-4B84-AC6A-A0F6F46361E5}.AppStore|ARM.Deploy.0 = Release|ARM
		{6F25DE5D-4856-4B84-AC6A-A0F6F46361E5}.AppStore|iPhone.ActiveCfg = Release|Any CPU
		{6F25DE5D-4856-4B84-AC6A-A0F6F46361E5}.AppStore|iPhone.Build.0 = Release|Any CPU
		{6F25DE5D-4856-4B84-AC6A-A0F6F46361E5}.AppStore|iPhone.Deploy.0 = Release|Any CPU
		{6F25DE5D-4856-4B84-AC6A-A0F6F46361E5}.AppStore|iPhoneSimulator.ActiveCfg = Release|Any CPU
		{6F25DE5D-4856-4B84-AC6A-A0F6F46361E5}.AppStore|iPhoneSimulator.Build.0 = Release|Any CPU
		{6F25DE5D-4856-4B84-AC6A-A0F6F46361E5}.AppStore|iPhoneSimulator.Deploy.0 = Release|Any CPU
		{6F25DE5D-4856-4B84-AC6A-A0F6F46361E5}.AppStore|x86.ActiveCfg = Release|x86
		{6F25DE5D-4856-4B84-AC6A-A0F6F46361E5}.AppStore|x86.Build.0 = Release|x86
		{6F25DE5D-4856-4B84-AC6A-A0F6F46361E5}.AppStore|x86.Deploy.0 = Release|x86
		{6F25DE5D-4856-4B84-AC6A-A0F6F46361E5}.Debug|Any CPU.ActiveCfg = Debug|Any CPU
		{6F25DE5D-4856-4B84-AC6A-A0F6F46361E5}.Debug|Any CPU.Build.0 = Debug|Any CPU
		{6F25DE5D-4856-4B84-AC6A-A0F6F46361E5}.Debug|Any CPU.Deploy.0 = Debug|Any CPU
		{6F25DE5D-4856-4B84-AC6A-A0F6F46361E5}.Debug|ARM.ActiveCfg = Debug|ARM
		{6F25DE5D-4856-4B84-AC6A-A0F6F46361E5}.Debug|ARM.Build.0 = Debug|ARM
		{6F25DE5D-4856-4B84-AC6A-A0F6F46361E5}.Debug|ARM.Deploy.0 = Debug|ARM
		{6F25DE5D-4856-4B84-AC6A-A0F6F46361E5}.Debug|iPhone.ActiveCfg = Debug|Any CPU
		{6F25DE5D-4856-4B84-AC6A-A0F6F46361E5}.Debug|iPhone.Build.0 = Debug|Any CPU
		{6F25DE5D-4856-4B84-AC6A-A0F6F46361E5}.Debug|iPhone.Deploy.0 = Debug|Any CPU
		{6F25DE5D-4856-4B84-AC6A-A0F6F46361E5}.Debug|iPhoneSimulator.ActiveCfg = Debug|Any CPU
		{6F25DE5D-4856-4B84-AC6A-A0F6F46361E5}.Debug|iPhoneSimulator.Build.0 = Debug|Any CPU
		{6F25DE5D-4856-4B84-AC6A-A0F6F46361E5}.Debug|iPhoneSimulator.Deploy.0 = Debug|Any CPU
		{6F25DE5D-4856-4B84-AC6A-A0F6F46361E5}.Debug|x86.ActiveCfg = Debug|x86
		{6F25DE5D-4856-4B84-AC6A-A0F6F46361E5}.Debug|x86.Build.0 = Debug|x86
		{6F25DE5D-4856-4B84-AC6A-A0F6F46361E5}.Debug|x86.Deploy.0 = Debug|x86
		{6F25DE5D-4856-4B84-AC6A-A0F6F46361E5}.Release|Any CPU.ActiveCfg = Release|Any CPU
		{6F25DE5D-4856-4B84-AC6A-A0F6F46361E5}.Release|Any CPU.Build.0 = Release|Any CPU
		{6F25DE5D-4856-4B84-AC6A-A0F6F46361E5}.Release|Any CPU.Deploy.0 = Release|Any CPU
		{6F25DE5D-4856-4B84-AC6A-A0F6F46361E5}.Release|ARM.ActiveCfg = Release|ARM
		{6F25DE5D-4856-4B84-AC6A-A0F6F46361E5}.Release|ARM.Build.0 = Release|ARM
		{6F25DE5D-4856-4B84-AC6A-A0F6F46361E5}.Release|ARM.Deploy.0 = Release|ARM
		{6F25DE5D-4856-4B84-AC6A-A0F6F46361E5}.Release|iPhone.ActiveCfg = Release|Any CPU
		{6F25DE5D-4856-4B84-AC6A-A0F6F46361E5}.Release|iPhone.Build.0 = Release|Any CPU
		{6F25DE5D-4856-4B84-AC6A-A0F6F46361E5}.Release|iPhone.Deploy.0 = Release|Any CPU
		{6F25DE5D-4856-4B84-AC6A-A0F6F46361E5}.Release|iPhoneSimulator.ActiveCfg = Release|Any CPU
		{6F25DE5D-4856-4B84-AC6A-A0F6F46361E5}.Release|iPhoneSimulator.Build.0 = Release|Any CPU
		{6F25DE5D-4856-4B84-AC6A-A0F6F46361E5}.Release|iPhoneSimulator.Deploy.0 = Release|Any CPU
		{6F25DE5D-4856-4B84-AC6A-A0F6F46361E5}.Release|x86.ActiveCfg = Release|x86
		{6F25DE5D-4856-4B84-AC6A-A0F6F46361E5}.Release|x86.Build.0 = Release|x86
		{6F25DE5D-4856-4B84-AC6A-A0F6F46361E5}.Release|x86.Deploy.0 = Release|x86
		{0B034742-A504-4F90-A087-B796CF13EA20}.Ad-Hoc|Any CPU.ActiveCfg = Release|Any CPU
		{0B034742-A504-4F90-A087-B796CF13EA20}.Ad-Hoc|Any CPU.Build.0 = Release|Any CPU
		{0B034742-A504-4F90-A087-B796CF13EA20}.Ad-Hoc|ARM.ActiveCfg = Release|Any CPU
		{0B034742-A504-4F90-A087-B796CF13EA20}.Ad-Hoc|ARM.Build.0 = Release|Any CPU
		{0B034742-A504-4F90-A087-B796CF13EA20}.Ad-Hoc|iPhone.ActiveCfg = Release|Any CPU
		{0B034742-A504-4F90-A087-B796CF13EA20}.Ad-Hoc|iPhone.Build.0 = Release|Any CPU
		{0B034742-A504-4F90-A087-B796CF13EA20}.Ad-Hoc|iPhoneSimulator.ActiveCfg = Release|Any CPU
		{0B034742-A504-4F90-A087-B796CF13EA20}.Ad-Hoc|iPhoneSimulator.Build.0 = Release|Any CPU
		{0B034742-A504-4F90-A087-B796CF13EA20}.Ad-Hoc|x86.ActiveCfg = Release|Any CPU
		{0B034742-A504-4F90-A087-B796CF13EA20}.Ad-Hoc|x86.Build.0 = Release|Any CPU
		{0B034742-A504-4F90-A087-B796CF13EA20}.AppStore|Any CPU.ActiveCfg = Release|Any CPU
		{0B034742-A504-4F90-A087-B796CF13EA20}.AppStore|Any CPU.Build.0 = Release|Any CPU
		{0B034742-A504-4F90-A087-B796CF13EA20}.AppStore|ARM.ActiveCfg = Release|Any CPU
		{0B034742-A504-4F90-A087-B796CF13EA20}.AppStore|ARM.Build.0 = Release|Any CPU
		{0B034742-A504-4F90-A087-B796CF13EA20}.AppStore|iPhone.ActiveCfg = Release|Any CPU
		{0B034742-A504-4F90-A087-B796CF13EA20}.AppStore|iPhone.Build.0 = Release|Any CPU
		{0B034742-A504-4F90-A087-B796CF13EA20}.AppStore|iPhoneSimulator.ActiveCfg = Release|Any CPU
		{0B034742-A504-4F90-A087-B796CF13EA20}.AppStore|iPhoneSimulator.Build.0 = Release|Any CPU
		{0B034742-A504-4F90-A087-B796CF13EA20}.AppStore|x86.ActiveCfg = Release|Any CPU
		{0B034742-A504-4F90-A087-B796CF13EA20}.AppStore|x86.Build.0 = Release|Any CPU
		{0B034742-A504-4F90-A087-B796CF13EA20}.Debug|Any CPU.ActiveCfg = Debug|Any CPU
		{0B034742-A504-4F90-A087-B796CF13EA20}.Debug|Any CPU.Build.0 = Debug|Any CPU
		{0B034742-A504-4F90-A087-B796CF13EA20}.Debug|ARM.ActiveCfg = Debug|Any CPU
		{0B034742-A504-4F90-A087-B796CF13EA20}.Debug|ARM.Build.0 = Debug|Any CPU
		{0B034742-A504-4F90-A087-B796CF13EA20}.Debug|iPhone.ActiveCfg = Debug|Any CPU
		{0B034742-A504-4F90-A087-B796CF13EA20}.Debug|iPhone.Build.0 = Debug|Any CPU
		{0B034742-A504-4F90-A087-B796CF13EA20}.Debug|iPhoneSimulator.ActiveCfg = Debug|Any CPU
		{0B034742-A504-4F90-A087-B796CF13EA20}.Debug|iPhoneSimulator.Build.0 = Debug|Any CPU
		{0B034742-A504-4F90-A087-B796CF13EA20}.Debug|x86.ActiveCfg = Debug|Any CPU
		{0B034742-A504-4F90-A087-B796CF13EA20}.Debug|x86.Build.0 = Debug|Any CPU
		{0B034742-A504-4F90-A087-B796CF13EA20}.Release|Any CPU.ActiveCfg = Release|Any CPU
		{0B034742-A504-4F90-A087-B796CF13EA20}.Release|Any CPU.Build.0 = Release|Any CPU
		{0B034742-A504-4F90-A087-B796CF13EA20}.Release|ARM.ActiveCfg = Release|Any CPU
		{0B034742-A504-4F90-A087-B796CF13EA20}.Release|ARM.Build.0 = Release|Any CPU
		{0B034742-A504-4F90-A087-B796CF13EA20}.Release|iPhone.ActiveCfg = Release|Any CPU
		{0B034742-A504-4F90-A087-B796CF13EA20}.Release|iPhone.Build.0 = Release|Any CPU
		{0B034742-A504-4F90-A087-B796CF13EA20}.Release|iPhoneSimulator.ActiveCfg = Release|Any CPU
		{0B034742-A504-4F90-A087-B796CF13EA20}.Release|iPhoneSimulator.Build.0 = Release|Any CPU
		{0B034742-A504-4F90-A087-B796CF13EA20}.Release|x86.ActiveCfg = Release|Any CPU
		{0B034742-A504-4F90-A087-B796CF13EA20}.Release|x86.Build.0 = Release|Any CPU
	EndGlobalSection
	GlobalSection(SolutionProperties) = preSolution
		HideSolutionNode = FALSE
	EndGlobalSection
EndGlobal
